version = 1
revision = 2
requires-python = ">=3.9"

[[package]]
name = "datetime"
version = "5.5"
source = { registry = "https://pypi.org/simple" }
dependencies = [
    { name = "pytz" },
    { name = "zope-interface" },
]
sdist = { url = "https://files.pythonhosted.org/packages/2f/66/e284b9978fede35185e5d18fb3ae855b8f573d8c90a56de5f6d03e8ef99e/DateTime-5.5.tar.gz", hash = "sha256:21ec6331f87a7fcb57bd7c59e8a68bfffe6fcbf5acdbbc7b356d6a9a020191d3", size = 63671, upload-time = "2024-03-21T07:26:50.211Z" }
wheels = [
    { url = "https://files.pythonhosted.org/packages/f3/78/8e382b8cb4346119e2e04270b6eb4a01c5ee70b47a8a0244ecdb157204f7/DateTime-5.5-py3-none-any.whl", hash = "sha256:0abf6c51cb4ba7cee775ca46ccc727f3afdde463be28dbbe8803631fefd4a120", size = 52649, upload-time = "2024-03-21T07:26:47.849Z" },
]

[[package]]
name = "intersection-delay"
version = "0.1.0"
source = { virtual = "." }
dependencies = [
    { name = "datetime" },
    { name = "tk" },
]

[package.metadata]
requires-dist = [
    { name = "datetime", specifier = ">=5.5" },
    { name = "tk", specifier = ">=0.1.0" },
]

[[package]]
name = "pytz"
version = "2025.2"
source = { registry = "https://pypi.org/simple" }
sdist = { url = "https://files.pythonhosted.org/packages/f8/bf/abbd3cdfb8fbc7fb3d4d38d320f2441b1e7cbe29be4f23797b4a2b5d8aac/pytz-2025.2.tar.gz", hash = "sha256:360b9e3dbb49a209c21ad61809c7fb453643e048b38924c765813546746e81c3", size = 320884, upload-time = "2025-03-25T02:25:00.538Z" }
wheels = [
    { url = "https://files.pythonhosted.org/packages/81/c4/34e93fe5f5429d7570ec1fa436f1986fb1f00c3e0f43a589fe2bbcd22c3f/pytz-2025.2-py2.py3-none-any.whl", hash = "sha256:5ddf76296dd8c44c26eb8f4b6f35488f3ccbf6fbbd7adee0b7262d43f0ec2f00", size = 509225, upload-time = "2025-03-25T02:24:58.468Z" },
]

[[package]]
name = "setuptools"
version = "80.9.0"
source = { registry = "https://pypi.org/simple" }
sdist = { url = "https://files.pythonhosted.org/packages/18/5d/3bf57dcd21979b887f014ea83c24ae194cfcd12b9e0fda66b957c69d1fca/setuptools-80.9.0.tar.gz", hash = "sha256:f36b47402ecde768dbfafc46e8e4207b4360c654f1f3bb84475f0a28628fb19c", size = 1319958, upload-time = "2025-05-27T00:56:51.443Z" }
wheels = [
    { url = "https://files.pythonhosted.org/packages/a3/dc/17031897dae0efacfea57dfd3a82fdd2a2aeb58e0ff71b77b87e44edc772/setuptools-80.9.0-py3-none-any.whl", hash = "sha256:062d34222ad13e0cc312a4c02d73f059e86a4acbfbdea8f8f76b28c99f306922", size = 1201486, upload-time = "2025-05-27T00:56:49.664Z" },
]

[[package]]
name = "tk"
version = "0.1.0"
source = { registry = "https://pypi.org/simple" }
sdist = { url = "https://files.pythonhosted.org/packages/a0/81/742b342fd642e672fbedecde725ba44db44e800dc4c936216c3c6729885a/tk-0.1.0.tar.gz", hash = "sha256:60bc8923d5d35f67f5c6bd93d4f0c49d2048114ec077768f959aef36d4ed97f8", size = 2247, upload-time = "2019-07-08T06:51:58.051Z" }
wheels = [
    { url = "https://files.pythonhosted.org/packages/1e/0b/029cbdb868bb555fed99bf6540fff072d500b3f895873709f25084e85e33/tk-0.1.0-py3-none-any.whl", hash = "sha256:703a69ff0d5ba2bd2f7440582ad10160e4a6561595d33457dc6caa79b9bf4930", size = 3879, upload-time = "2019-07-08T06:51:55.175Z" },
]

[[package]]
name = "zope-interface"
version = "8.0"
source = { registry = "https://pypi.org/simple" }
dependencies = [
    { name = "setuptools" },
]
sdist = { url = "https://files.pythonhosted.org/packages/68/21/a6af230243831459f7238764acb3086a9cf96dbf405d8084d30add1ee2e7/zope_interface-8.0.tar.gz", hash = "sha256:b14d5aac547e635af749ce20bf49a3f5f93b8a854d2a6b1e95d4d5e5dc618f7d", size = 253397, upload-time = "2025-09-12T07:17:13.571Z" }
wheels = [
    { url = "https://files.pythonhosted.org/packages/df/18/50b8952e9aae75ea6d09a0faae65b54ab32729d2bb0345da7705f05c05a5/zope_interface-8.0-cp310-cp310-macosx_10_9_x86_64.whl", hash = "sha256:daf4d6ba488a0fb560980b575244aa962a75e77b7c86984138b8d52bd4b5465f", size = 207113, upload-time = "2025-09-12T07:24:47.121Z" },
    { url = "https://files.pythonhosted.org/packages/44/13/0234006d9a49681aa3d54124684611299503294f31d917591d8c4e426738/zope_interface-8.0-cp310-cp310-macosx_11_0_arm64.whl", hash = "sha256:0caca2915522451e92c96c2aec404d2687e9c5cb856766940319b3973f62abb8", size = 207650, upload-time = "2025-09-12T07:24:48.546Z" },
    { url = "https://files.pythonhosted.org/packages/4b/bf/5286a934b55c0771f0d146b729d72c00f69703e9e4c149263f1b537ba06a/zope_interface-8.0-cp310-cp310-manylinux1_i686.manylinux2014_i686.manylinux_2_17_i686.manylinux_2_5_i686.whl", hash = "sha256:a26ae2fe77c58b4df8c39c2b7c3aadedfd44225a1b54a1d74837cd27057b2fc8", size = 249099, upload-time = "2025-09-12T07:58:16.057Z" },
    { url = "https://files.pythonhosted.org/packages/c0/8e/b991f482a8bc881b2dc61872d2146765f33171c3914da66d85dd384c9e4b/zope_interface-8.0-cp310-cp310-manylinux1_x86_64.manylinux2014_x86_64.manylinux_2_17_x86_64.manylinux_2_5_x86_64.whl", hash = "sha256:453d2c6668778b8d2215430ed61e04417386e51afb23637ef2e14972b047b700", size = 254216, upload-time = "2025-09-12T08:00:25.991Z" },
    { url = "https://files.pythonhosted.org/packages/80/12/b9bf35bcff96035633ba7cfb160b99988972d2d85a9248b966cdef1d75eb/zope_interface-8.0-cp310-cp310-manylinux2014_aarch64.manylinux_2_17_aarch64.whl", hash = "sha256:a2c107cc6dff954be25399cd81ddc390667f79af306802fc0c1de98614348b70", size = 254657, upload-time = "2025-09-12T08:29:17.193Z" },
    { url = "https://files.pythonhosted.org/packages/46/91/0b1fd0b8ca813fbac88dab6070ad95114555ce7c3dc69dbe23d65234c9a1/zope_interface-8.0-cp310-cp310-win_amd64.whl", hash = "sha256:c23af5b4c4e332253d721ec1222c809ad27ceae382ad5b8ff22c4c4fb6eb8ed5", size = 211513, upload-time = "2025-09-12T07:22:50.882Z" },
    { url = "https://files.pythonhosted.org/packages/5b/6f/a16fc92b643313a55a0d2ccb040dd69048372f0a8f64107570256e664e5c/zope_interface-8.0-cp311-cp311-macosx_10_9_x86_64.whl", hash = "sha256:ec1da7b9156ae000cea2d19bad83ddb5c50252f9d7b186da276d17768c67a3cb", size = 207652, upload-time = "2025-09-12T07:23:51.746Z" },
    { url = "https://files.pythonhosted.org/packages/01/0c/6bebd9417072c3eb6163228783cabb4890e738520b45562ade1cbf7d19d6/zope_interface-8.0-cp311-cp311-macosx_11_0_arm64.whl", hash = "sha256:160ba50022b342451baf516de3e3a2cd2d8c8dbac216803889a5eefa67083688", size = 208096, upload-time = "2025-09-12T07:23:52.895Z" },
    { url = "https://files.pythonhosted.org/packages/62/f1/03c4d2b70ce98828760dfc19f34be62526ea8b7f57160a009d338f396eb4/zope_interface-8.0-cp311-cp311-manylinux1_i686.manylinux2014_i686.manylinux_2_17_i686.manylinux_2_5_i686.whl", hash = "sha256:879bb5bf937cde4acd738264e87f03c7bf7d45478f7c8b9dc417182b13d81f6c", size = 254770, upload-time = "2025-09-12T07:58:18.379Z" },
    { url = "https://files.pythonhosted.org/packages/bb/73/06400c668d7d334d2296d23b3dacace43f45d6e721c6f6d08ea512703ede/zope_interface-8.0-cp311-cp311-manylinux1_x86_64.manylinux2014_x86_64.manylinux_2_17_x86_64.manylinux_2_5_x86_64.whl", hash = "sha256:7fb931bf55c66a092c5fbfb82a0ff3cc3221149b185bde36f0afc48acb8dcd92", size = 259542, upload-time = "2025-09-12T08:00:27.632Z" },
    { url = "https://files.pythonhosted.org/packages/d9/28/565b5f41045aa520853410d33b420f605018207a854fba3d93ed85e7bef2/zope_interface-8.0-cp311-cp311-manylinux2014_aarch64.manylinux_2_17_aarch64.whl", hash = "sha256:1858d1e5bb2c5ae766890708184a603eb484bb7454e306e967932a9f3c558b07", size = 260720, upload-time = "2025-09-12T08:29:19.238Z" },
    { url = "https://files.pythonhosted.org/packages/c5/46/6c6b0df12665fec622133932a361829b6e6fbe255e6ce01768eedbcb7fa0/zope_interface-8.0-cp311-cp311-win_amd64.whl", hash = "sha256:7e88c66ebedd1e839082f308b8372a50ef19423e01ee2e09600b80e765a10234", size = 211914, upload-time = "2025-09-12T07:23:19.858Z" },
    { url = "https://files.pythonhosted.org/packages/ae/42/9c79e4b2172e2584727cbc35bba1ea6884c15f1a77fe2b80ed8358893bb2/zope_interface-8.0-cp312-cp312-macosx_10_9_x86_64.whl", hash = "sha256:b80447a3a5c7347f4ebf3e50de319c8d2a5dabd7de32f20899ac50fc275b145d", size = 208359, upload-time = "2025-09-12T07:23:40.746Z" },
    { url = "https://files.pythonhosted.org/packages/d9/3a/77b5e3dbaced66141472faf788ea20e9b395076ea6fd30e2fde4597047b1/zope_interface-8.0-cp312-cp312-macosx_11_0_arm64.whl", hash = "sha256:67047a4470cb2fddb5ba5105b0160a1d1c30ce4b300cf264d0563136adac4eac", size = 208547, upload-time = "2025-09-12T07:23:42.088Z" },
    { url = "https://files.pythonhosted.org/packages/7c/d3/a920b3787373e717384ef5db2cafaae70d451b8850b9b4808c024867dd06/zope_interface-8.0-cp312-cp312-manylinux1_i686.manylinux2014_i686.manylinux_2_17_i686.manylinux_2_5_i686.whl", hash = "sha256:1bee9c1b42513148f98d3918affd829804a5c992c000c290dc805f25a75a6a3f", size = 258986, upload-time = "2025-09-12T07:58:20.681Z" },
    { url = "https://files.pythonhosted.org/packages/4d/37/c7f5b1ccfcbb0b90d57d02b5744460e9f77a84932689ca8d99a842f330b2/zope_interface-8.0-cp312-cp312-manylinux1_x86_64.manylinux2014_x86_64.manylinux_2_17_x86_64.manylinux_2_5_x86_64.whl", hash = "sha256:804ebacb2776eb89a57d9b5e9abec86930e0ee784a0005030801ae2f6c04d5d8", size = 264438, upload-time = "2025-09-12T08:00:28.921Z" },
    { url = "https://files.pythonhosted.org/packages/43/eb/fd6fefc92618bdf16fbfd71fb43ed206f99b8db5a0dd55797f4e33d7dd75/zope_interface-8.0-cp312-cp312-manylinux2014_aarch64.manylinux_2_17_aarch64.whl", hash = "sha256:c4d9d3982aaa88b177812cd911ceaf5ffee4829e86ab3273c89428f2c0c32cc4", size = 263971, upload-time = "2025-09-12T08:29:20.693Z" },
    { url = "https://files.pythonhosted.org/packages/d9/ca/f99f4ef959b2541f0a3e05768d9ff48ad055d4bed00c7a438b088d54196a/zope_interface-8.0-cp312-cp312-win_amd64.whl", hash = "sha256:ea1f2e47bc0124a03ee1e5fb31aee5dfde876244bcc552b9e3eb20b041b350d7", size = 212031, upload-time = "2025-09-12T07:23:04.755Z" },
    { url = "https://files.pythonhosted.org/packages/f2/7a/1093db3af58fe48299659a7e0bc17cb2be72bf8bf7ea54a429556c816e50/zope_interface-8.0-cp313-cp313-macosx_10_9_x86_64.whl", hash = "sha256:ee9ecad04269c2da4b1be403a47993981531ffd557064b870eab4094730e5062", size = 208743, upload-time = "2025-09-12T07:24:14.397Z" },
    { url = "https://files.pythonhosted.org/packages/fe/ec/63003ea86eb37b423ad85575b77b445ca26baa4b15f431d0c2319642ffeb/zope_interface-8.0-cp313-cp313-macosx_11_0_arm64.whl", hash = "sha256:a9a8a71c38628af82a9ea1f7be58e5d19360a38067080c8896f6cbabe167e4f8", size = 208803, upload-time = "2025-09-12T07:24:15.918Z" },
    { url = "https://files.pythonhosted.org/packages/d9/0e/e19352096e2933e0047b954d861d74dce34c61283a9c3150aac163a182d9/zope_interface-8.0-cp313-cp313-manylinux1_i686.manylinux2014_i686.manylinux_2_17_i686.manylinux_2_5_i686.whl", hash = "sha256:c0cc51ebd984945362fd3abdc1e140dbd837c3e3b680942b3fa24fe3aac26ef8", size = 258964, upload-time = "2025-09-12T07:58:22.829Z" },
    { url = "https://files.pythonhosted.org/packages/32/a5/ec1578b838f364c889746a03960624a8781c9a1cd1b8cc29c57ec8d16df9/zope_interface-8.0-cp313-cp313-manylinux1_x86_64.manylinux2014_x86_64.manylinux_2_17_x86_64.manylinux_2_5_x86_64.whl", hash = "sha256:07405019f635a93b318807cb2ec7b05a5ef30f67cf913d11eb2f156ddbcead0d", size = 264435, upload-time = "2025-09-12T08:00:30.255Z" },
    { url = "https://files.pythonhosted.org/packages/e7/8e/4a8b167481cada8b82b2212eb0003d425a30d1699d3604052e6c66817545/zope_interface-8.0-cp313-cp313-manylinux2014_aarch64.manylinux_2_17_aarch64.whl", hash = "sha256:450ab3357799eed6093f3a9f1fa22761b3a9de9ebaf57f416da2c9fb7122cdcb", size = 263942, upload-time = "2025-09-12T08:29:22.416Z" },
    { url = "https://files.pythonhosted.org/packages/38/bd/f9da62983480ecfc5a1147fafbc762bb76e5e8528611c4cf8b9d72b4de13/zope_interface-8.0-cp313-cp313-win_amd64.whl", hash = "sha256:e38bb30a58887d63b80b01115ab5e8be6158b44d00b67197186385ec7efe44c7", size = 212034, upload-time = "2025-09-12T07:22:57.241Z" },
    { url = "https://files.pythonhosted.org/packages/86/40/2e5b15206cf6c40f0875c3c6ac858c1980d39c213f3a396049fd825a0c9e/zope_interface-8.0-cp39-cp39-macosx_10_9_x86_64.whl", hash = "sha256:778458ea69413cf8131a3fcc6f0ea2792d07df605422fb03ad87daca3f8f78ce", size = 207191, upload-time = "2025-09-12T07:24:04.6Z" },
    { url = "https://files.pythonhosted.org/packages/77/5d/5bcaf0a9be78a3c8c0351e327a22d0086da7c09e020df792cecce6b88381/zope_interface-8.0-cp39-cp39-macosx_11_0_arm64.whl", hash = "sha256:b207966f39c2e6fcfe9b68333acb7b19afd3fdda29eccc4643f8d52c180a3185", size = 207679, upload-time = "2025-09-12T07:24:06.175Z" },
    { url = "https://files.pythonhosted.org/packages/0a/70/cd309f676e1de697a591b5512044fa33c759105dc93c010980d50c78077b/zope_interface-8.0-cp39-cp39-manylinux1_i686.manylinux2014_i686.manylinux_2_17_i686.manylinux_2_5_i686.whl", hash = "sha256:e3cf57f90a760c56c55668f650ba20c3444cde8332820db621c9a1aafc217471", size = 248346, upload-time = "2025-09-12T07:58:24.656Z" },
    { url = "https://files.pythonhosted.org/packages/c5/3c/fba5f10f8a3d366aedd53731b85d1c42616c4e38c48c72be27712f988adc/zope_interface-8.0-cp39-cp39-manylinux1_x86_64.manylinux2014_x86_64.manylinux_2_17_x86_64.manylinux_2_5_x86_64.whl", hash = "sha256:5cffe23eb610e32a83283dde5413ab7a17938fa3fbd023ca3e529d724219deb0", size = 253536, upload-time = "2025-09-12T08:00:31.777Z" },
    { url = "https://files.pythonhosted.org/packages/fe/f1/e7d5ac2eb5eb68f430c5e39fc87ff243b29cbbb8814205fcdc6808184fc1/zope_interface-8.0-cp39-cp39-manylinux2014_aarch64.manylinux_2_17_aarch64.whl", hash = "sha256:4d639d5015c1753031e180b8ef81e72bb7d47b0aca0218694ad1f19b0a6c6b63", size = 254004, upload-time = "2025-09-12T08:29:23.831Z" },
    { url = "https://files.pythonhosted.org/packages/df/4d/3e648bba0f55169b86fd5f1c5718a3448450fc6d6ab334a3cf6e276b42e6/zope_interface-8.0-cp39-cp39-win_amd64.whl", hash = "sha256:dee2d1db1067e8a4b682dde7eb4bff21775412358e142f4f98c9066173f9dacd", size = 211540, upload-time = "2025-09-12T07:23:28.09Z" },
]
